
Microsoft Visual Studio Solution File, Format Version 12.00
# Visual Studio Version 16
VisualStudioVersion = 16.0.31424.327
MinimumVisualStudioVersion = 10.0.40219.1
Project("{FAE04EC0-301F-11D3-BF4B-00C04F79EFBC}") = "ProjectApp2", "ProjectApp2\ProjectApp2.csproj", "{DB72FE0D-C226-459C-B27C-05F9AB797D53}"
EndProject
Global
	GlobalSection(SolutionConfigurationPlatforms) = preSolution
		Debug|Any CPU = Debug|Any CPU
		Release|Any CPU = Release|Any CPU
	EndGlobalSection
	GlobalSection(ProjectConfigurationPlatforms) = postSolution
		{DB72FE0D-C226-459C-B27C-05F9AB797D53}.Debug|Any CPU.ActiveCfg = Debug|Any CPU
		{DB72FE0D-C226-459C-B27C-05F9AB797D53}.Debug|Any CPU.Build.0 = Debug|Any CPU
		{DB72FE0D-C226-459C-B27C-05F9AB797D53}.Release|Any CPU.ActiveCfg = Release|Any CPU
		{DB72FE0D-C226-459C-B27C-05F9AB797D53}.Release|Any CPU.Build.0 = Release|Any CPU
	EndGlobalSection
	GlobalSection(SolutionProperties) = preSolution
		HideSolutionNode = FALSE
	EndGlobalSection
	GlobalSection(ExtensibilityGlobals) = postSolution
		SolutionGuid = {EA71F4B5-B9C5-43C3-8EC3-9014796FE455}
	EndGlobalSection
EndGlobal
